// !$*UTF8*$!
{
	archiveVersion = 1;
	classes = {
	};
	objectVersion = 56;
	objects = {

/* Begin PBXBuildFile section */
		9B0AFF5029E8DED40029D385 /* landmarkData.json in Resources */ = {isa = PBXBuildFile; fileRef = 9B0AFF4F29E8DED40029D385 /* landmarkData.json */; };
		9B0AFF5429E8DF4F0029D385 /* Landmark.swift in Sources */ = {isa = PBXBuildFile; fileRef = 9B0AFF5329E8DF4F0029D385 /* Landmark.swift */; };
		9B0AFF5629E8E3AB0029D385 /* ModelData.swift in Sources */ = {isa = PBXBuildFile; fileRef = 9B0AFF5529E8E3AB0029D385 /* ModelData.swift */; };
		9B0AFF5B29E8E5220029D385 /* LandmarkRow.swift in Sources */ = {isa = PBXBuildFile; fileRef = 9B0AFF5A29E8E5220029D385 /* LandmarkRow.swift */; };
		9B0AFF5D29E8E7D60029D385 /* LandmarkList.swift in Sources */ = {isa = PBXBuildFile; fileRef = 9B0AFF5C29E8E7D60029D385 /* LandmarkList.swift */; };
		9B0AFF5F29E8E9350029D385 /* LandmarkDetail.swift in Sources */ = {isa = PBXBuildFile; fileRef = 9B0AFF5E29E8E9350029D385 /* LandmarkDetail.swift */; };
		9B0AFF6129E8F1D90029D385 /* FavoriteButton.swift in Sources */ = {isa = PBXBuildFile; fileRef = 9B0AFF6029E8F1D90029D385 /* FavoriteButton.swift */; };
		9B0AFF6529E8F3720029D385 /* HexagonParameters.swift in Sources */ = {isa = PBXBuildFile; fileRef = 9B0AFF6429E8F3720029D385 /* HexagonParameters.swift */; };
		9B0AFF6729E8F4480029D385 /* BadgeBackground.swift in Sources */ = {isa = PBXBuildFile; fileRef = 9B0AFF6629E8F4480029D385 /* BadgeBackground.swift */; };
		9B0AFF6929E8F7670029D385 /* BadgeSymbol.swift in Sources */ = {isa = PBXBuildFile; fileRef = 9B0AFF6829E8F7670029D385 /* BadgeSymbol.swift */; };
		9B0AFF6B29E8F7E00029D385 /* RotatedBadgeSymbol.swift in Sources */ = {isa = PBXBuildFile; fileRef = 9B0AFF6A29E8F7E00029D385 /* RotatedBadgeSymbol.swift */; };
		9B0AFF6D29E8F80C0029D385 /* Badge.swift in Sources */ = {isa = PBXBuildFile; fileRef = 9B0AFF6C29E8F80C0029D385 /* Badge.swift */; };
		9B0AFF7029E8FA830029D385 /* hikeData.json in Resources */ = {isa = PBXBuildFile; fileRef = 9B0AFF6F29E8FA830029D385 /* hikeData.json */; };
		9B0AFF7229E8FAA00029D385 /* Hike.swift in Sources */ = {isa = PBXBuildFile; fileRef = 9B0AFF7129E8FAA00029D385 /* Hike.swift */; };
		9B0AFF7A29E8FB210029D385 /* GraphCapsule.swift in Sources */ = {isa = PBXBuildFile; fileRef = 9B0AFF7629E8FB200029D385 /* GraphCapsule.swift */; };
		9B0AFF7B29E8FB210029D385 /* HikeGraph.swift in Sources */ = {isa = PBXBuildFile; fileRef = 9B0AFF7729E8FB200029D385 /* HikeGraph.swift */; };
		9B0AFF7C29E8FB210029D385 /* HikeDetail.swift in Sources */ = {isa = PBXBuildFile; fileRef = 9B0AFF7829E8FB200029D385 /* HikeDetail.swift */; };
		9B0AFF7D29E8FB210029D385 /* HikeView.swift in Sources */ = {isa = PBXBuildFile; fileRef = 9B0AFF7929E8FB200029D385 /* HikeView.swift */; };
		9B0F6B4A29E4ED1000994854 /* _706012110006_TegarMarino_AFL3App.swift in Sources */ = {isa = PBXBuildFile; fileRef = 9B0F6B4929E4ED1000994854 /* _706012110006_TegarMarino_AFL3App.swift */; };
		9B0F6B4C29E4ED1000994854 /* ContentView.swift in Sources */ = {isa = PBXBuildFile; fileRef = 9B0F6B4B29E4ED1000994854 /* ContentView.swift */; };
		9B0F6B4E29E4ED1200994854 /* Assets.xcassets in Resources */ = {isa = PBXBuildFile; fileRef = 9B0F6B4D29E4ED1200994854 /* Assets.xcassets */; };
		9B0F6B5129E4ED1200994854 /* Preview Assets.xcassets in Resources */ = {isa = PBXBuildFile; fileRef = 9B0F6B5029E4ED1200994854 /* Preview Assets.xcassets */; };
		9B0F6B5829E4F5E900994854 /* CircleImage.swift in Sources */ = {isa = PBXBuildFile; fileRef = 9B0F6B5729E4F5E900994854 /* CircleImage.swift */; };
		9B0F6B5A29E4F76A00994854 /* MapView.swift in Sources */ = {isa = PBXBuildFile; fileRef = 9B0F6B5929E4F76A00994854 /* MapView.swift */; };
		9B602AD729F114720094F2EF /* CategoryView.swift in Sources */ = {isa = PBXBuildFile; fileRef = 9B602AD629F114720094F2EF /* CategoryView.swift */; };
/* End PBXBuildFile section */

/* Begin PBXFileReference section */
		9B0AFF4F29E8DED40029D385 /* landmarkData.json */ = {isa = PBXFileReference; fileEncoding = 4; lastKnownFileType = text.json; path = landmarkData.json; sourceTree = "<group>"; };
		9B0AFF5329E8DF4F0029D385 /* Landmark.swift */ = {isa = PBXFileReference; lastKnownFileType = sourcecode.swift; path = Landmark.swift; sourceTree = "<group>"; };
		9B0AFF5529E8E3AB0029D385 /* ModelData.swift */ = {isa = PBXFileReference; lastKnownFileType = sourcecode.swift; path = ModelData.swift; sourceTree = "<group>"; };
		9B0AFF5A29E8E5220029D385 /* LandmarkRow.swift */ = {isa = PBXFileReference; lastKnownFileType = sourcecode.swift; path = LandmarkRow.swift; sourceTree = "<group>"; };
		9B0AFF5C29E8E7D60029D385 /* LandmarkList.swift */ = {isa = PBXFileReference; lastKnownFileType = sourcecode.swift; path = LandmarkList.swift; sourceTree = "<group>"; };
		9B0AFF5E29E8E9350029D385 /* LandmarkDetail.swift */ = {isa = PBXFileReference; lastKnownFileType = sourcecode.swift; path = LandmarkDetail.swift; sourceTree = "<group>"; };
		9B0AFF6029E8F1D90029D385 /* FavoriteButton.swift */ = {isa = PBXFileReference; lastKnownFileType = sourcecode.swift; path = FavoriteButton.swift; sourceTree = "<group>"; };
		9B0AFF6429E8F3720029D385 /* HexagonParameters.swift */ = {isa = PBXFileReference; lastKnownFileType = sourcecode.swift; path = HexagonParameters.swift; sourceTree = "<group>"; };
		9B0AFF6629E8F4480029D385 /* BadgeBackground.swift */ = {isa = PBXFileReference; lastKnownFileType = sourcecode.swift; path = BadgeBackground.swift; sourceTree = "<group>"; };
		9B0AFF6829E8F7670029D385 /* BadgeSymbol.swift */ = {isa = PBXFileReference; lastKnownFileType = sourcecode.swift; path = BadgeSymbol.swift; sourceTree = "<group>"; };
		9B0AFF6A29E8F7E00029D385 /* RotatedBadgeSymbol.swift */ = {isa = PBXFileReference; lastKnownFileType = sourcecode.swift; path = RotatedBadgeSymbol.swift; sourceTree = "<group>"; };
		9B0AFF6C29E8F80C0029D385 /* Badge.swift */ = {isa = PBXFileReference; lastKnownFileType = sourcecode.swift; path = Badge.swift; sourceTree = "<group>"; };
		9B0AFF6F29E8FA830029D385 /* hikeData.json */ = {isa = PBXFileReference; fileEncoding = 4; lastKnownFileType = text.json; path = hikeData.json; sourceTree = "<group>"; };
		9B0AFF7129E8FAA00029D385 /* Hike.swift */ = {isa = PBXFileReference; lastKnownFileType = sourcecode.swift; path = Hike.swift; sourceTree = "<group>"; };
		9B0AFF7629E8FB200029D385 /* GraphCapsule.swift */ = {isa = PBXFileReference; fileEncoding = 4; lastKnownFileType = sourcecode.swift; path = GraphCapsule.swift; sourceTree = "<group>"; };
		9B0AFF7729E8FB200029D385 /* HikeGraph.swift */ = {isa = PBXFileReference; fileEncoding = 4; lastKnownFileType = sourcecode.swift; path = HikeGraph.swift; sourceTree = "<group>"; };
		9B0AFF7829E8FB200029D385 /* HikeDetail.swift */ = {isa = PBXFileReference; fileEncoding = 4; lastKnownFileType = sourcecode.swift; path = HikeDetail.swift; sourceTree = "<group>"; };
		9B0AFF7929E8FB200029D385 /* HikeView.swift */ = {isa = PBXFileReference; fileEncoding = 4; lastKnownFileType = sourcecode.swift; path = HikeView.swift; sourceTree = "<group>"; };
		9B0F6B4629E4ED1000994854 /* 0706012110006-TegarMarino-AFL3.app */ = {isa = PBXFileReference; explicitFileType = wrapper.application; includeInIndex = 0; path = "0706012110006-TegarMarino-AFL3.app"; sourceTree = BUILT_PRODUCTS_DIR; };
		9B0F6B4929E4ED1000994854 /* _706012110006_TegarMarino_AFL3App.swift */ = {isa = PBXFileReference; lastKnownFileType = sourcecode.swift; path = _706012110006_TegarMarino_AFL3App.swift; sourceTree = "<group>"; };
		9B0F6B4B29E4ED1000994854 /* ContentView.swift */ = {isa = PBXFileReference; lastKnownFileType = sourcecode.swift; path = ContentView.swift; sourceTree = "<group>"; };
		9B0F6B4D29E4ED1200994854 /* Assets.xcassets */ = {isa = PBXFileReference; lastKnownFileType = folder.assetcatalog; path = Assets.xcassets; sourceTree = "<group>"; };
		9B0F6B5029E4ED1200994854 /* Preview Assets.xcassets */ = {isa = PBXFileReference; lastKnownFileType = folder.assetcatalog; path = "Preview Assets.xcassets"; sourceTree = "<group>"; };
		9B0F6B5729E4F5E900994854 /* CircleImage.swift */ = {isa = PBXFileReference; lastKnownFileType = sourcecode.swift; path = CircleImage.swift; sourceTree = "<group>"; };
		9B0F6B5929E4F76A00994854 /* MapView.swift */ = {isa = PBXFileReference; lastKnownFileType = sourcecode.swift; path = MapView.swift; sourceTree = "<group>"; };
		9B602AD629F114720094F2EF /* CategoryView.swift */ = {isa = PBXFileReference; lastKnownFileType = sourcecode.swift; path = CategoryView.swift; sourceTree = "<group>"; };
/* End PBXFileReference section */

/* Begin PBXFrameworksBuildPhase section */
		9B0F6B4329E4ED1000994854 /* Frameworks */ = {
			isa = PBXFrameworksBuildPhase;
			buildActionMask = 2147483647;
			files = (
			);
			runOnlyForDeploymentPostprocessing = 0;
		};
/* End PBXFrameworksBuildPhase section */

/* Begin PBXGroup section */
		9B0AFF5729E8E4320029D385 /* Views */ = {
			isa = PBXGroup;
			children = (
				9B602AD529F114500094F2EF /* Categories */,
				9B0F6B4B29E4ED1000994854 /* ContentView.swift */,
				9B0AFF7529E8FB200029D385 /* Hikes */,
				9B0AFF6E29E8F8910029D385 /* Badge */,
				9B0AFF6329E8F25B0029D385 /* Landmarks */,
				9B0AFF6229E8F2280029D385 /* Helpers */,
			);
			path = Views;
			sourceTree = "<group>";
		};
		9B0AFF5829E8E4490029D385 /* Model */ = {
			isa = PBXGroup;
			children = (
				9B0AFF5329E8DF4F0029D385 /* Landmark.swift */,
				9B0AFF5529E8E3AB0029D385 /* ModelData.swift */,
			);
			path = Model;
			sourceTree = "<group>";
		};
		9B0AFF5929E8E4AC0029D385 /* Resources */ = {
			isa = PBXGroup;
			children = (
				9B0AFF6F29E8FA830029D385 /* hikeData.json */,
				9B0AFF4F29E8DED40029D385 /* landmarkData.json */,
			);
			path = Resources;
			sourceTree = "<group>";
		};
		9B0AFF6229E8F2280029D385 /* Helpers */ = {
			isa = PBXGroup;
			children = (
				9B0AFF6029E8F1D90029D385 /* FavoriteButton.swift */,
				9B0F6B5929E4F76A00994854 /* MapView.swift */,
				9B0F6B5729E4F5E900994854 /* CircleImage.swift */,
			);
			path = Helpers;
			sourceTree = "<group>";
		};
		9B0AFF6329E8F25B0029D385 /* Landmarks */ = {
			isa = PBXGroup;
			children = (
				9B0AFF5A29E8E5220029D385 /* LandmarkRow.swift */,
				9B0AFF5C29E8E7D60029D385 /* LandmarkList.swift */,
				9B0AFF5E29E8E9350029D385 /* LandmarkDetail.swift */,
			);
			path = Landmarks;
			sourceTree = "<group>";
		};
		9B0AFF6E29E8F8910029D385 /* Badge */ = {
			isa = PBXGroup;
			children = (
				9B0AFF6C29E8F80C0029D385 /* Badge.swift */,
				9B0AFF6629E8F4480029D385 /* BadgeBackground.swift */,
				9B0AFF6829E8F7670029D385 /* BadgeSymbol.swift */,
				9B0AFF6429E8F3720029D385 /* HexagonParameters.swift */,
				9B0AFF6A29E8F7E00029D385 /* RotatedBadgeSymbol.swift */,
			);
			path = Badge;
			sourceTree = "<group>";
		};
		9B0AFF7529E8FB200029D385 /* Hikes */ = {
			isa = PBXGroup;
			children = (
				9B0AFF7629E8FB200029D385 /* GraphCapsule.swift */,
				9B0AFF7729E8FB200029D385 /* HikeGraph.swift */,
				9B0AFF7829E8FB200029D385 /* HikeDetail.swift */,
				9B0AFF7929E8FB200029D385 /* HikeView.swift */,
			);
			path = Hikes;
			sourceTree = "<group>";
		};
		9B0F6B3D29E4ED1000994854 = {
			isa = PBXGroup;
			children = (
				9B0F6B4829E4ED1000994854 /* 0706012110006-TegarMarino-AFL3 */,
				9B0F6B4729E4ED1000994854 /* Products */,
			);
			sourceTree = "<group>";
		};
		9B0F6B4729E4ED1000994854 /* Products */ = {
			isa = PBXGroup;
			children = (
				9B0F6B4629E4ED1000994854 /* 0706012110006-TegarMarino-AFL3.app */,
			);
			name = Products;
			sourceTree = "<group>";
		};
		9B0F6B4829E4ED1000994854 /* 0706012110006-TegarMarino-AFL3 */ = {
			isa = PBXGroup;
			children = (
				9B0AFF7129E8FAA00029D385 /* Hike.swift */,
				9B0F6B4929E4ED1000994854 /* _706012110006_TegarMarino_AFL3App.swift */,
				9B0AFF5929E8E4AC0029D385 /* Resources */,
				9B0AFF5829E8E4490029D385 /* Model */,
				9B0AFF5729E8E4320029D385 /* Views */,
				9B0F6B4D29E4ED1200994854 /* Assets.xcassets */,
				9B0F6B4F29E4ED1200994854 /* Preview Content */,
			);
			path = "0706012110006-TegarMarino-AFL3";
			sourceTree = "<group>";
		};
		9B0F6B4F29E4ED1200994854 /* Preview Content */ = {
			isa = PBXGroup;
			children = (
				9B0F6B5029E4ED1200994854 /* Preview Assets.xcassets */,
			);
			path = "Preview Content";
			sourceTree = "<group>";
		};
		9B602AD529F114500094F2EF /* Categories */ = {
			isa = PBXGroup;
			children = (
				9B602AD629F114720094F2EF /* CategoryView.swift */,
			);
			path = Categories;
			sourceTree = "<group>";
		};
/* End PBXGroup section */

/* Begin PBXNativeTarget section */
		9B0F6B4529E4ED1000994854 /* 0706012110006-TegarMarino-AFL3 */ = {
			isa = PBXNativeTarget;
			buildConfigurationList = 9B0F6B5429E4ED1200994854 /* Build configuration list for PBXNativeTarget "0706012110006-TegarMarino-AFL3" */;
			buildPhases = (
				9B0F6B4229E4ED1000994854 /* Sources */,
				9B0F6B4329E4ED1000994854 /* Frameworks */,
				9B0F6B4429E4ED1000994854 /* Resources */,
			);
			buildRules = (
			);
			dependencies = (
			);
			name = "0706012110006-TegarMarino-AFL3";
			productName = "0706012110006-TegarMarino-AFL3";
			productReference = 9B0F6B4629E4ED1000994854 /* 0706012110006-TegarMarino-AFL3.app */;
			productType = "com.apple.product-type.application";
		};
/* End PBXNativeTarget section */

/* Begin PBXProject section */
		9B0F6B3E29E4ED1000994854 /* Project object */ = {
			isa = PBXProject;
			attributes = {
				BuildIndependentTargetsInParallel = 1;
				LastSwiftUpdateCheck = 1420;
				LastUpgradeCheck = 1420;
				TargetAttributes = {
					9B0F6B4529E4ED1000994854 = {
						CreatedOnToolsVersion = 14.2;
					};
				};
			};
			buildConfigurationList = 9B0F6B4129E4ED1000994854 /* Build configuration list for PBXProject "0706012110006-TegarMarino-AFL3" */;
			compatibilityVersion = "Xcode 14.0";
			developmentRegion = en;
			hasScannedForEncodings = 0;
			knownRegions = (
				en,
				Base,
			);
			mainGroup = 9B0F6B3D29E4ED1000994854;
			productRefGroup = 9B0F6B4729E4ED1000994854 /* Products */;
			projectDirPath = "";
			projectRoot = "";
			targets = (
				9B0F6B4529E4ED1000994854 /* 0706012110006-TegarMarino-AFL3 */,
			);
		};
/* End PBXProject section */

/* Begin PBXResourcesBuildPhase section */
		9B0F6B4429E4ED1000994854 /* Resources */ = {
			isa = PBXResourcesBuildPhase;
			buildActionMask = 2147483647;
			files = (
				9B0AFF7029E8FA830029D385 /* hikeData.json in Resources */,
				9B0F6B5129E4ED1200994854 /* Preview Assets.xcassets in Resources */,
				9B0F6B4E29E4ED1200994854 /* Assets.xcassets in Resources */,
				9B0AFF5029E8DED40029D385 /* landmarkData.json in Resources */,
			);
			runOnlyForDeploymentPostprocessing = 0;
		};
/* End PBXResourcesBuildPhase section */

/* Begin PBXSourcesBuildPhase section */
		9B0F6B4229E4ED1000994854 /* Sources */ = {
			isa = PBXSourcesBuildPhase;
			buildActionMask = 2147483647;
			files = (
				9B0F6B4C29E4ED1000994854 /* ContentView.swift in Sources */,
				9B0AFF7B29E8FB210029D385 /* HikeGraph.swift in Sources */,
				9B0AFF6D29E8F80C0029D385 /* Badge.swift in Sources */,
				9B0F6B5A29E4F76A00994854 /* MapView.swift in Sources */,
				9B0AFF7A29E8FB210029D385 /* GraphCapsule.swift in Sources */,
				9B0F6B4A29E4ED1000994854 /* _706012110006_TegarMarino_AFL3App.swift in Sources */,
				9B0AFF6129E8F1D90029D385 /* FavoriteButton.swift in Sources */,
				9B0AFF7C29E8FB210029D385 /* HikeDetail.swift in Sources */,
				9B602AD729F114720094F2EF /* CategoryView.swift in Sources */,
				9B0AFF6529E8F3720029D385 /* HexagonParameters.swift in Sources */,
				9B0AFF7229E8FAA00029D385 /* Hike.swift in Sources */,
				9B0AFF6B29E8F7E00029D385 /* RotatedBadgeSymbol.swift in Sources */,
				9B0AFF6929E8F7670029D385 /* BadgeSymbol.swift in Sources */,
				9B0AFF5D29E8E7D60029D385 /* LandmarkList.swift in Sources */,
				9B0AFF7D29E8FB210029D385 /* HikeView.swift in Sources */,
				9B0AFF5F29E8E9350029D385 /* LandmarkDetail.swift in Sources */,
				9B0AFF6729E8F4480029D385 /* BadgeBackground.swift in Sources */,
				9B0F6B5829E4F5E900994854 /* CircleImage.swift in Sources */,
				9B0AFF5429E8DF4F0029D385 /* Landmark.swift in Sources */,
				9B0AFF5B29E8E5220029D385 /* LandmarkRow.swift in Sources */,
				9B0AFF5629E8E3AB0029D385 /* ModelData.swift in Sources */,
			);
			runOnlyForDeploymentPostprocessing = 0;
		};
/* End PBXSourcesBuildPhase section */

/* Begin XCBuildConfiguration section */
		9B0F6B5229E4ED1200994854 /* Debug */ = {
			isa = XCBuildConfiguration;
			buildSettings = {
				ALWAYS_SEARCH_USER_PATHS = NO;
				CLANG_ANALYZER_NONNULL = YES;
				CLANG_ANALYZER_NUMBER_OBJECT_CONVERSION = YES_AGGRESSIVE;
				CLANG_CXX_LANGUAGE_STANDARD = "gnu++20";
				CLANG_ENABLE_MODULES = YES;
				CLANG_ENABLE_OBJC_ARC = YES;
				CLANG_ENABLE_OBJC_WEAK = YES;
				CLANG_WARN_BLOCK_CAPTURE_AUTORELEASING = YES;
				CLANG_WARN_BOOL_CONVERSION = YES;
				CLANG_WARN_COMMA = YES;
				CLANG_WARN_CONSTANT_CONVERSION = YES;
				CLANG_WARN_DEPRECATED_OBJC_IMPLEMENTATIONS = YES;
				CLANG_WARN_DIRECT_OBJC_ISA_USAGE = YES_ERROR;
				CLANG_WARN_DOCUMENTATION_COMMENTS = YES;
				CLANG_WARN_EMPTY_BODY = YES;
				CLANG_WARN_ENUM_CONVERSION = YES;
				CLANG_WARN_INFINITE_RECURSION = YES;
				CLANG_WARN_INT_CONVERSION = YES;
				CLANG_WARN_NON_LITERAL_NULL_CONVERSION = YES;
				CLANG_WARN_OBJC_IMPLICIT_RETAIN_SELF = YES;
				CLANG_WARN_OBJC_LITERAL_CONVERSION = YES;
				CLANG_WARN_OBJC_ROOT_CLASS = YES_ERROR;
				CLANG_WARN_QUOTED_INCLUDE_IN_FRAMEWORK_HEADER = YES;
				CLANG_WARN_RANGE_LOOP_ANALYSIS = YES;
				CLANG_WARN_STRICT_PROTOTYPES = YES;
				CLANG_WARN_SUSPICIOUS_MOVE = YES;
				CLANG_WARN_UNGUARDED_AVAILABILITY = YES_AGGRESSIVE;
				CLANG_WARN_UNREACHABLE_CODE = YES;
				CLANG_WARN__DUPLICATE_METHOD_MATCH = YES;
				COPY_PHASE_STRIP = NO;
				DEBUG_INFORMATION_FORMAT = dwarf;
				ENABLE_STRICT_OBJC_MSGSEND = YES;
				ENABLE_TESTABILITY = YES;
				GCC_C_LANGUAGE_STANDARD = gnu11;
				GCC_DYNAMIC_NO_PIC = NO;
				GCC_NO_COMMON_BLOCKS = YES;
				GCC_OPTIMIZATION_LEVEL = 0;
				GCC_PREPROCESSOR_DEFINITIONS = (
					"DEBUG=1",
					"$(inherited)",
				);
				GCC_WARN_64_TO_32_BIT_CONVERSION = YES;
				GCC_WARN_ABOUT_RETURN_TYPE = YES_ERROR;
				GCC_WARN_UNDECLARED_SELECTOR = YES;
				GCC_WARN_UNINITIALIZED_AUTOS = YES_AGGRESSIVE;
				GCC_WARN_UNUSED_FUNCTION = YES;
				GCC_WARN_UNUSED_VARIABLE = YES;
				IPHONEOS_DEPLOYMENT_TARGET = 16.2;
				MTL_ENABLE_DEBUG_INFO = INCLUDE_SOURCE;
				MTL_FAST_MATH = YES;
				ONLY_ACTIVE_ARCH = YES;
				SDKROOT = iphoneos;
				SWIFT_ACTIVE_COMPILATION_CONDITIONS = DEBUG;
				SWIFT_OPTIMIZATION_LEVEL = "-Onone";
			};
			name = Debug;
		};
		9B0F6B5329E4ED1200994854 /* Release */ = {
			isa = XCBuildConfiguration;
			buildSettings = {
				ALWAYS_SEARCH_USER_PATHS = NO;
				CLANG_ANALYZER_NONNULL = YES;
				CLANG_ANALYZER_NUMBER_OBJECT_CONVERSION = YES_AGGRESSIVE;
				CLANG_CXX_LANGUAGE_STANDARD = "gnu++20";
				CLANG_ENABLE_MODULES = YES;
				CLANG_ENABLE_OBJC_ARC = YES;
				CLANG_ENABLE_OBJC_WEAK = YES;
				CLANG_WARN_BLOCK_CAPTURE_AUTORELEASING = YES;
				CLANG_WARN_BOOL_CONVERSION = YES;
				CLANG_WARN_COMMA = YES;
				CLANG_WARN_CONSTANT_CONVERSION = YES;
				CLANG_WARN_DEPRECATED_OBJC_IMPLEMENTATIONS = YES;
				CLANG_WARN_DIRECT_OBJC_ISA_USAGE = YES_ERROR;
				CLANG_WARN_DOCUMENTATION_COMMENTS = YES;
				CLANG_WARN_EMPTY_BODY = YES;
				CLANG_WARN_ENUM_CONVERSION = YES;
				CLANG_WARN_INFINITE_RECURSION = YES;
				CLANG_WARN_INT_CONVERSION = YES;
				CLANG_WARN_NON_LITERAL_NULL_CONVERSION = YES;
				CLANG_WARN_OBJC_IMPLICIT_RETAIN_SELF = YES;
				CLANG_WARN_OBJC_LITERAL_CONVERSION = YES;
				CLANG_WARN_OBJC_ROOT_CLASS = YES_ERROR;
				CLANG_WARN_QUOTED_INCLUDE_IN_FRAMEWORK_HEADER = YES;
				CLANG_WARN_RANGE_LOOP_ANALYSIS = YES;
				CLANG_WARN_STRICT_PROTOTYPES = YES;
				CLANG_WARN_SUSPICIOUS_MOVE = YES;
				CLANG_WARN_UNGUARDED_AVAILABILITY = YES_AGGRESSIVE;
				CLANG_WARN_UNREACHABLE_CODE = YES;
				CLANG_WARN__DUPLICATE_METHOD_MATCH = YES;
				COPY_PHASE_STRIP = NO;
				DEBUG_INFORMATION_FORMAT = "dwarf-with-dsym";
				ENABLE_NS_ASSERTIONS = NO;
				ENABLE_STRICT_OBJC_MSGSEND = YES;
				GCC_C_LANGUAGE_STANDARD = gnu11;
				GCC_NO_COMMON_BLOCKS = YES;
				GCC_WARN_64_TO_32_BIT_CONVERSION = YES;
				GCC_WARN_ABOUT_RETURN_TYPE = YES_ERROR;
				GCC_WARN_UNDECLARED_SELECTOR = YES;
				GCC_WARN_UNINITIALIZED_AUTOS = YES_AGGRESSIVE;
				GCC_WARN_UNUSED_FUNCTION = YES;
				GCC_WARN_UNUSED_VARIABLE = YES;
				IPHONEOS_DEPLOYMENT_TARGET = 16.2;
				MTL_ENABLE_DEBUG_INFO = NO;
				MTL_FAST_MATH = YES;
				SDKROOT = iphoneos;
				SWIFT_COMPILATION_MODE = wholemodule;
				SWIFT_OPTIMIZATION_LEVEL = "-O";
				VALIDATE_PRODUCT = YES;
			};
			name = Release;
		};
		9B0F6B5529E4ED1200994854 /* Debug */ = {
			isa = XCBuildConfiguration;
			buildSettings = {
				ASSETCATALOG_COMPILER_APPICON_NAME = AppIcon;
				ASSETCATALOG_COMPILER_GLOBAL_ACCENT_COLOR_NAME = AccentColor;
				CODE_SIGN_STYLE = Automatic;
				CURRENT_PROJECT_VERSION = 1;
				DEVELOPMENT_ASSET_PATHS = "\"0706012110006-TegarMarino-AFL3/Preview Content\"";
				ENABLE_PREVIEWS = YES;
				GENERATE_INFOPLIST_FILE = YES;
				INFOPLIST_KEY_UIApplicationSceneManifest_Generation = YES;
				INFOPLIST_KEY_UIApplicationSupportsIndirectInputEvents = YES;
				INFOPLIST_KEY_UILaunchScreen_Generation = YES;
				INFOPLIST_KEY_UISupportedInterfaceOrientations_iPad = "UIInterfaceOrientationPortrait UIInterfaceOrientationPortraitUpsideDown UIInterfaceOrientationLandscapeLeft UIInterfaceOrientationLandscapeRight";
				INFOPLIST_KEY_UISupportedInterfaceOrientations_iPhone = "UIInterfaceOrientationPortrait UIInterfaceOrientationLandscapeLeft UIInterfaceOrientationLandscapeRight";
				LD_RUNPATH_SEARCH_PATHS = (
					"$(inherited)",
					"@executable_path/Frameworks",
				);
				MARKETING_VERSION = 1.0;
				PRODUCT_BUNDLE_IDENTIFIER = "com.marino.-706012110006-TegarMarino-AFL3";
				PRODUCT_NAME = "$(TARGET_NAME)";
				SWIFT_EMIT_LOC_STRINGS = YES;
				SWIFT_VERSION = 5.0;
				TARGETED_DEVICE_FAMILY = "1,2";
			};
			name = Debug;
		};
		9B0F6B5629E4ED1200994854 /* Release */ = {
			isa = XCBuildConfiguration;
			buildSettings = {
				ASSETCATALOG_COMPILER_APPICON_NAME = AppIcon;
				ASSETCATALOG_COMPILER_GLOBAL_ACCENT_COLOR_NAME = AccentColor;
				CODE_SIGN_STYLE = Automatic;
				CURRENT_PROJECT_VERSION = 1;
				DEVELOPMENT_ASSET_PATHS = "\"0706012110006-TegarMarino-AFL3/Preview Content\"";
				ENABLE_PREVIEWS = YES;
				GENERATE_INFOPLIST_FILE = YES;
				INFOPLIST_KEY_UIApplicationSceneManifest_Generation = YES;
				INFOPLIST_KEY_UIApplicationSupportsIndirectInputEvents = YES;
				INFOPLIST_KEY_UILaunchScreen_Generation = YES;
				INFOPLIST_KEY_UISupportedInterfaceOrientations_iPad = "UIInterfaceOrientationPortrait UIInterfaceOrientationPortraitUpsideDown UIInterfaceOrientationLandscapeLeft UIInterfaceOrientationLandscapeRight";
				INFOPLIST_KEY_UISupportedInterfaceOrientations_iPhone = "UIInterfaceOrientationPortrait UIInterfaceOrientationLandscapeLeft UIInterfaceOrientationLandscapeRight";
				LD_RUNPATH_SEARCH_PATHS = (
					"$(inherited)",
					"@executable_path/Frameworks",
				);
				MARKETING_VERSION = 1.0;
				PRODUCT_BUNDLE_IDENTIFIER = "com.marino.-706012110006-TegarMarino-AFL3";
				PRODUCT_NAME = "$(TARGET_NAME)";
				SWIFT_EMIT_LOC_STRINGS = YES;
				SWIFT_VERSION = 5.0;
				TARGETED_DEVICE_FAMILY = "1,2";
			};
			name = Release;
		};
/* End XCBuildConfiguration section */

/* Begin XCConfigurationList section */
		9B0F6B4129E4ED1000994854 /* Build configuration list for PBXProject "0706012110006-TegarMarino-AFL3" */ = {
			isa = XCConfigurationList;
			buildConfigurations = (
				9B0F6B5229E4ED1200994854 /* Debug */,
				9B0F6B5329E4ED1200994854 /* Release */,
			);
			defaultConfigurationIsVisible = 0;
			defaultConfigurationName = Release;
		};
		9B0F6B5429E4ED1200994854 /* Build configuration list for PBXNativeTarget "0706012110006-TegarMarino-AFL3" */ = {
			isa = XCConfigurationList;
			buildConfigurations = (
				9B0F6B5529E4ED1200994854 /* Debug */,
				9B0F6B5629E4ED1200994854 /* Release */,
			);
			defaultConfigurationIsVisible = 0;
			defaultConfigurationName = Release;
		};
/* End XCConfigurationList section */
	};
	rootObject = 9B0F6B3E29E4ED1000994854 /* Project object */;
}
